# Generated by OmniShip. Update with `omniship update`.
version = 1

[github.actions.checkout]
repository = "actions/checkout"
major = 7
version = "v7.0.1"
sha = "3d3c42e5aac5ba805825da76410c181273ba90b1"

[github.actions.setup-uv]
repository = "astral-sh/setup-uv"
major = 10
version = "v10.1.0"
sha = "bec219d24cd3e171d82865faccec33120bb574f4"

[github.actions.cache]
repository = "actions/cache"
major = 6
version = "v6.1.0"
sha = "55cc8345863c7cc4c66a329aec7e433d2d1c52a9"

[github.actions.upload-artifact]
repository = "actions/upload-artifact"
major = 4
version = "v4.6.2"
sha = "ea165f8d65b6e75b540449e92b4886f43607fa02"

[github.actions.download-artifact]
repository = "actions/download-artifact"
major = 4
version = "v4.3.0"
sha = "d3f86a106a0bac45b974a628896c90dbdf5c8093"

[github.actions.upload-pages-artifact]
repository = "actions/upload-pages-artifact"
major = 4
version = "v4.0.0"
sha = "7b1f4a764d45c48632c6b24a0339c27f5614fb0b"

[github.actions.deploy-pages]
repository = "actions/deploy-pages"
major = 5
version = "v5.0.1"
sha = "368f82528645a54fb793d4d04e342629a3f51346"
